
Microsoft Visual Studio Solution File, Format Version 11.00
# Visual Studio 2010
Project("{E24C65DC-7377-472B-9ABA-BC803B73C61A}") = "QuanTriOnline", "QuanTriOnline\", "{4A5E05F7-B797-470A-AF4F-2F0B5C804D1E}"
	ProjectSection(WebsiteProperties) = preProject
		TargetFrameworkMoniker = ".NETFramework,Version%3Dv4.0"
		Debug.AspNetCompiler.VirtualPath = "/QuanTriOnline"
		Debug.AspNetCompiler.PhysicalPath = "QuanTriOnline\"
		Debug.AspNetCompiler.TargetPath = "PrecompiledWeb\QuanTriOnline\"
		Debug.AspNetCompiler.Updateable = "true"
		Debug.AspNetCompiler.ForceOverwrite = "true"
		Debug.AspNetCompiler.FixedNames = "false"
		Debug.AspNetCompiler.Debug = "True"
		Release.AspNetCompiler.VirtualPath = "/QuanTriOnline"
		Release.AspNetCompiler.PhysicalPath = "QuanTriOnline\"
		Release.AspNetCompiler.TargetPath = "PrecompiledWeb\QuanTriOnline\"
		Release.AspNetCompiler.Updateable = "true"
		Release.AspNetCompiler.ForceOverwrite = "true"
		Release.AspNetCompiler.FixedNames = "false"
		Release.AspNetCompiler.Debug = "False"
		VWDPort = "54263"
		DefaultWebSiteLanguage = "Visual C#"
	EndProjectSection
EndProject
Project("{FAE04EC0-301F-11D3-BF4B-00C04F79EFBC}") = "QuanTriCore", "QuanTriCore\QuanTriCore.csproj", "{DE6E079A-4648-40B3-822A-19CE53A510EE}"
EndProject
Global
	GlobalSection(SolutionConfigurationPlatforms) = preSolution
		Debug|Any CPU = Debug|Any CPU
		Release|Any CPU = Release|Any CPU
	EndGlobalSection
	GlobalSection(ProjectConfigurationPlatforms) = postSolution
		{4A5E05F7-B797-470A-AF4F-2F0B5C804D1E}.Debug|Any CPU.ActiveCfg = Debug|Any CPU
		{4A5E05F7-B797-470A-AF4F-2F0B5C804D1E}.Debug|Any CPU.Build.0 = Debug|Any CPU
		{4A5E05F7-B797-470A-AF4F-2F0B5C804D1E}.Release|Any CPU.ActiveCfg = Debug|Any CPU
		{4A5E05F7-B797-470A-AF4F-2F0B5C804D1E}.Release|Any CPU.Build.0 = Debug|Any CPU
		{DE6E079A-4648-40B3-822A-19CE53A510EE}.Debug|Any CPU.ActiveCfg = Debug|Any CPU
		{DE6E079A-4648-40B3-822A-19CE53A510EE}.Debug|Any CPU.Build.0 = Debug|Any CPU
		{DE6E079A-4648-40B3-822A-19CE53A510EE}.Release|Any CPU.ActiveCfg = Release|Any CPU
		{DE6E079A-4648-40B3-822A-19CE53A510EE}.Release|Any CPU.Build.0 = Release|Any CPU
	EndGlobalSection
	GlobalSection(SolutionProperties) = preSolution
		HideSolutionNode = FALSE
	EndGlobalSection
EndGlobal
